
Microsoft Visual Studio Solution File, Format Version 12.00
# Visual Studio 2013
VisualStudioVersion = 12.0.21005.1
MinimumVisualStudioVersion = 10.0.40219.1
Project("{FAE04EC0-301F-11D3-BF4B-00C04F79EFBC}") = "01.InitializingArray", "01.InitializingArray\01.InitializingArray.csproj", "{E4573F1E-78DE-4830-AEE4-5A21878B00AB}"
EndProject
Project("{FAE04EC0-301F-11D3-BF4B-00C04F79EFBC}") = "02.ChekEqualArrays", "02.ChekEqualArrays\02.ChekEqualArrays.csproj", "{1490584F-3B6D-48E1-9648-A3953C848D22}"
EndProject
Project("{FAE04EC0-301F-11D3-BF4B-00C04F79EFBC}") = "03.CompareCharArrays", "03.CompareCharArrays\03.CompareCharArrays.csproj", "{6C6437B1-1948-4FBF-B91B-1E02AB54A2AC}"
EndProject
Project("{FAE04EC0-301F-11D3-BF4B-00C04F79EFBC}") = "04.SequenceEqualElements", "04.SequenceEqualElements\04.SequenceEqualElements.csproj", "{620EBB05-99D4-45D6-8652-62A701763032}"
EndProject
Project("{FAE04EC0-301F-11D3-BF4B-00C04F79EFBC}") = "05.IncreasingSequence", "05.IncreasingSequence\05.IncreasingSequence.csproj", "{2B95BD3D-FCF9-49D1-BD3C-7DA78F8CD196}"
EndProject
Project("{FAE04EC0-301F-11D3-BF4B-00C04F79EFBC}") = "06.IncreasingElements", "06.IncreasingElements\06.IncreasingElements.csproj", "{68CAF52B-557D-420E-812B-9FC4CBCBD534}"
EndProject
Project("{FAE04EC0-301F-11D3-BF4B-00C04F79EFBC}") = "07.ConsecutiveMaxSum", "07.ConsecutiveMaxSum\07.ConsecutiveMaxSum.csproj", "{5A2BE808-56EE-4E8F-AB18-1D6A2FE7DE60}"
EndProject
Project("{FAE04EC0-301F-11D3-BF4B-00C04F79EFBC}") = "08.SelectionSort", "08.SelectionSort\08.SelectionSort.csproj", "{12F924AF-9CEE-460E-92F1-A45F7B32F096}"
EndProject
Project("{FAE04EC0-301F-11D3-BF4B-00C04F79EFBC}") = "09.MaxSumSubsequence", "09.MaxSumSubsequence\09.MaxSumSubsequence.csproj", "{9FDAD69A-443D-4A55-9869-3211430EB00B}"
EndProject
Project("{FAE04EC0-301F-11D3-BF4B-00C04F79EFBC}") = "10.MostFrequentlyElement", "10.MostFrequentlyElement\10.MostFrequentlyElement.csproj", "{B2F8ED4C-6EDE-4B40-BC3A-E73A6E007C82}"
EndProject
Project("{FAE04EC0-301F-11D3-BF4B-00C04F79EFBC}") = "11.CertainSumArr", "11.CertainSumArr\11.CertainSumArr.csproj", "{3697CC95-D6A2-461E-B357-F1E4F37375E6}"
EndProject
Project("{FAE04EC0-301F-11D3-BF4B-00C04F79EFBC}") = "12.SquareMatrices", "12.SquareMatrices\12.SquareMatrices.csproj", "{36BB2219-8F97-4004-B649-6F053C4CC846}"
EndProject
Project("{FAE04EC0-301F-11D3-BF4B-00C04F79EFBC}") = "13.RectangularArray", "13.RectangularArray\13.RectangularArray.csproj", "{5FDC73DA-1994-4FF1-A5A6-879EF29D33A2}"
EndProject
Project("{FAE04EC0-301F-11D3-BF4B-00C04F79EFBC}") = "14.LongestStringSeq", "14.LongestStringSeq\14.LongestStringSeq.csproj", "{F99076FF-73B2-4699-858C-4398985D6431}"
EndProject
Global
	GlobalSection(SolutionConfigurationPlatforms) = preSolution
		Debug|Any CPU = Debug|Any CPU
		Release|Any CPU = Release|Any CPU
	EndGlobalSection
	GlobalSection(ProjectConfigurationPlatforms) = postSolution
		{E4573F1E-78DE-4830-AEE4-5A21878B00AB}.Debug|Any CPU.ActiveCfg = Debug|Any CPU
		{E4573F1E-78DE-4830-AEE4-5A21878B00AB}.Debug|Any CPU.Build.0 = Debug|Any CPU
		{E4573F1E-78DE-4830-AEE4-5A21878B00AB}.Release|Any CPU.ActiveCfg = Release|Any CPU
		{E4573F1E-78DE-4830-AEE4-5A21878B00AB}.Release|Any CPU.Build.0 = Release|Any CPU
		{1490584F-3B6D-48E1-9648-A3953C848D22}.Debug|Any CPU.ActiveCfg = Debug|Any CPU
		{1490584F-3B6D-48E1-9648-A3953C848D22}.Debug|Any CPU.Build.0 = Debug|Any CPU
		{1490584F-3B6D-48E1-9648-A3953C848D22}.Release|Any CPU.ActiveCfg = Release|Any CPU
		{1490584F-3B6D-48E1-9648-A3953C848D22}.Release|Any CPU.Build.0 = Release|Any CPU
		{6C6437B1-1948-4FBF-B91B-1E02AB54A2AC}.Debug|Any CPU.ActiveCfg = Debug|Any CPU
		{6C6437B1-1948-4FBF-B91B-1E02AB54A2AC}.Debug|Any CPU.Build.0 = Debug|Any CPU
		{6C6437B1-1948-4FBF-B91B-1E02AB54A2AC}.Release|Any CPU.ActiveCfg = Release|Any CPU
		{6C6437B1-1948-4FBF-B91B-1E02AB54A2AC}.Release|Any CPU.Build.0 = Release|Any CPU
		{620EBB05-99D4-45D6-8652-62A701763032}.Debug|Any CPU.ActiveCfg = Debug|Any CPU
		{620EBB05-99D4-45D6-8652-62A701763032}.Debug|Any CPU.Build.0 = Debug|Any CPU
		{620EBB05-99D4-45D6-8652-62A701763032}.Release|Any CPU.ActiveCfg = Release|Any CPU
		{620EBB05-99D4-45D6-8652-62A701763032}.Release|Any CPU.Build.0 = Release|Any CPU
		{2B95BD3D-FCF9-49D1-BD3C-7DA78F8CD196}.Debug|Any CPU.ActiveCfg = Debug|Any CPU
		{2B95BD3D-FCF9-49D1-BD3C-7DA78F8CD196}.Debug|Any CPU.Build.0 = Debug|Any CPU
		{2B95BD3D-FCF9-49D1-BD3C-7DA78F8CD196}.Release|Any CPU.ActiveCfg = Release|Any CPU
		{2B95BD3D-FCF9-49D1-BD3C-7DA78F8CD196}.Release|Any CPU.Build.0 = Release|Any CPU
		{68CAF52B-557D-420E-812B-9FC4CBCBD534}.Debug|Any CPU.ActiveCfg = Debug|Any CPU
		{68CAF52B-557D-420E-812B-9FC4CBCBD534}.Debug|Any CPU.Build.0 = Debug|Any CPU
		{68CAF52B-557D-420E-812B-9FC4CBCBD534}.Release|Any CPU.ActiveCfg = Release|Any CPU
		{68CAF52B-557D-420E-812B-9FC4CBCBD534}.Release|Any CPU.Build.0 = Release|Any CPU
		{5A2BE808-56EE-4E8F-AB18-1D6A2FE7DE60}.Debug|Any CPU.ActiveCfg = Debug|Any CPU
		{5A2BE808-56EE-4E8F-AB18-1D6A2FE7DE60}.Debug|Any CPU.Build.0 = Debug|Any CPU
		{5A2BE808-56EE-4E8F-AB18-1D6A2FE7DE60}.Release|Any CPU.ActiveCfg = Release|Any CPU
		{5A2BE808-56EE-4E8F-AB18-1D6A2FE7DE60}.Release|Any CPU.Build.0 = Release|Any CPU
		{12F924AF-9CEE-460E-92F1-A45F7B32F096}.Debug|Any CPU.ActiveCfg = Debug|Any CPU
		{12F924AF-9CEE-460E-92F1-A45F7B32F096}.Debug|Any CPU.Build.0 = Debug|Any CPU
		{12F924AF-9CEE-460E-92F1-A45F7B32F096}.Release|Any CPU.ActiveCfg = Release|Any CPU
		{12F924AF-9CEE-460E-92F1-A45F7B32F096}.Release|Any CPU.Build.0 = Release|Any CPU
		{9FDAD69A-443D-4A55-9869-3211430EB00B}.Debug|Any CPU.ActiveCfg = Debug|Any CPU
		{9FDAD69A-443D-4A55-9869-3211430EB00B}.Debug|Any CPU.Build.0 = Debug|Any CPU
		{9FDAD69A-443D-4A55-9869-3211430EB00B}.Release|Any CPU.ActiveCfg = Release|Any CPU
		{9FDAD69A-443D-4A55-9869-3211430EB00B}.Release|Any CPU.Build.0 = Release|Any CPU
		{B2F8ED4C-6EDE-4B40-BC3A-E73A6E007C82}.Debug|Any CPU.ActiveCfg = Debug|Any CPU
		{B2F8ED4C-6EDE-4B40-BC3A-E73A6E007C82}.Debug|Any CPU.Build.0 = Debug|Any CPU
		{B2F8ED4C-6EDE-4B40-BC3A-E73A6E007C82}.Release|Any CPU.ActiveCfg = Release|Any CPU
		{B2F8ED4C-6EDE-4B40-BC3A-E73A6E007C82}.Release|Any CPU.Build.0 = Release|Any CPU
		{3697CC95-D6A2-461E-B357-F1E4F37375E6}.Debug|Any CPU.ActiveCfg = Debug|Any CPU
		{3697CC95-D6A2-461E-B357-F1E4F37375E6}.Debug|Any CPU.Build.0 = Debug|Any CPU
		{3697CC95-D6A2-461E-B357-F1E4F37375E6}.Release|Any CPU.ActiveCfg = Release|Any CPU
		{3697CC95-D6A2-461E-B357-F1E4F37375E6}.Release|Any CPU.Build.0 = Release|Any CPU
		{36BB2219-8F97-4004-B649-6F053C4CC846}.Debug|Any CPU.ActiveCfg = Debug|Any CPU
		{36BB2219-8F97-4004-B649-6F053C4CC846}.Debug|Any CPU.Build.0 = Debug|Any CPU
		{36BB2219-8F97-4004-B649-6F053C4CC846}.Release|Any CPU.ActiveCfg = Release|Any CPU
		{36BB2219-8F97-4004-B649-6F053C4CC846}.Release|Any CPU.Build.0 = Release|Any CPU
		{5FDC73DA-1994-4FF1-A5A6-879EF29D33A2}.Debug|Any CPU.ActiveCfg = Debug|Any CPU
		{5FDC73DA-1994-4FF1-A5A6-879EF29D33A2}.Debug|Any CPU.Build.0 = Debug|Any CPU
		{5FDC73DA-1994-4FF1-A5A6-879EF29D33A2}.Release|Any CPU.ActiveCfg = Release|Any CPU
		{5FDC73DA-1994-4FF1-A5A6-879EF29D33A2}.Release|Any CPU.Build.0 = Release|Any CPU
		{F99076FF-73B2-4699-858C-4398985D6431}.Debug|Any CPU.ActiveCfg = Debug|Any CPU
		{F99076FF-73B2-4699-858C-4398985D6431}.Debug|Any CPU.Build.0 = Debug|Any CPU
		{F99076FF-73B2-4699-858C-4398985D6431}.Release|Any CPU.ActiveCfg = Release|Any CPU
		{F99076FF-73B2-4699-858C-4398985D6431}.Release|Any CPU.Build.0 = Release|Any CPU
	EndGlobalSection
	GlobalSection(SolutionProperties) = preSolution
		HideSolutionNode = FALSE
	EndGlobalSection
EndGlobal
