
Microsoft Visual Studio Solution File, Format Version 12.00
# Visual Studio 2013
VisualStudioVersion = 12.0.21005.1
MinimumVisualStudioVersion = 10.0.40219.1
Project("{FAE04EC0-301F-11D3-BF4B-00C04F79EFBC}") = "01.SeriesOfLetters", "01.SeriesOfLetters\01.SeriesOfLetters.csproj", "{E4A98801-4E4E-42A5-A595-2BC939040BAA}"
EndProject
Project("{FAE04EC0-301F-11D3-BF4B-00C04F79EFBC}") = "02.ReplaceTag", "02.ReplaceTag\02.ReplaceTag.csproj", "{CD209496-A9D8-4B63-9BFF-E7AC056CD4DE}"
EndProject
Project("{FAE04EC0-301F-11D3-BF4B-00C04F79EFBC}") = "03.ExtractEmails", "03.ExtractEmails\03.ExtractEmails.csproj", "{31D11024-5473-4051-B8E7-A2986FE1D398}"
EndProject
Project("{FAE04EC0-301F-11D3-BF4B-00C04F79EFBC}") = "04.SentenceExtractor", "04.SentenceExtractor\04.SentenceExtractor.csproj", "{7CAE5C72-6A0D-4CEF-B34A-DC5FB5F6848B}"
EndProject
Global
	GlobalSection(SolutionConfigurationPlatforms) = preSolution
		Debug|Any CPU = Debug|Any CPU
		Release|Any CPU = Release|Any CPU
	EndGlobalSection
	GlobalSection(ProjectConfigurationPlatforms) = postSolution
		{E4A98801-4E4E-42A5-A595-2BC939040BAA}.Debug|Any CPU.ActiveCfg = Debug|Any CPU
		{E4A98801-4E4E-42A5-A595-2BC939040BAA}.Debug|Any CPU.Build.0 = Debug|Any CPU
		{E4A98801-4E4E-42A5-A595-2BC939040BAA}.Release|Any CPU.ActiveCfg = Release|Any CPU
		{E4A98801-4E4E-42A5-A595-2BC939040BAA}.Release|Any CPU.Build.0 = Release|Any CPU
		{CD209496-A9D8-4B63-9BFF-E7AC056CD4DE}.Debug|Any CPU.ActiveCfg = Debug|Any CPU
		{CD209496-A9D8-4B63-9BFF-E7AC056CD4DE}.Debug|Any CPU.Build.0 = Debug|Any CPU
		{CD209496-A9D8-4B63-9BFF-E7AC056CD4DE}.Release|Any CPU.ActiveCfg = Release|Any CPU
		{CD209496-A9D8-4B63-9BFF-E7AC056CD4DE}.Release|Any CPU.Build.0 = Release|Any CPU
		{31D11024-5473-4051-B8E7-A2986FE1D398}.Debug|Any CPU.ActiveCfg = Debug|Any CPU
		{31D11024-5473-4051-B8E7-A2986FE1D398}.Debug|Any CPU.Build.0 = Debug|Any CPU
		{31D11024-5473-4051-B8E7-A2986FE1D398}.Release|Any CPU.ActiveCfg = Release|Any CPU
		{31D11024-5473-4051-B8E7-A2986FE1D398}.Release|Any CPU.Build.0 = Release|Any CPU
		{7CAE5C72-6A0D-4CEF-B34A-DC5FB5F6848B}.Debug|Any CPU.ActiveCfg = Debug|Any CPU
		{7CAE5C72-6A0D-4CEF-B34A-DC5FB5F6848B}.Debug|Any CPU.Build.0 = Debug|Any CPU
		{7CAE5C72-6A0D-4CEF-B34A-DC5FB5F6848B}.Release|Any CPU.ActiveCfg = Release|Any CPU
		{7CAE5C72-6A0D-4CEF-B34A-DC5FB5F6848B}.Release|Any CPU.Build.0 = Release|Any CPU
	EndGlobalSection
	GlobalSection(SolutionProperties) = preSolution
		HideSolutionNode = FALSE
	EndGlobalSection
EndGlobal
