
Microsoft Visual Studio Solution File, Format Version 12.00
# Visual Studio 14
VisualStudioVersion = 14.0.23107.0
MinimumVisualStudioVersion = 10.0.40219.1
Project("{FAE04EC0-301F-11D3-BF4B-00C04F79EFBC}") = "SOLIDLogger", "SOLIDLogger\SOLIDLogger.csproj", "{ADA3A30B-7160-4D9D-BEFF-7ADE1EBE2370}"
EndProject
Project("{FAE04EC0-301F-11D3-BF4B-00C04F79EFBC}") = "ConsoleAppTest", "ConsoleAppTest\ConsoleAppTest.csproj", "{31A34CEA-1B78-4868-9643-A9B2C0C97C34}"
EndProject
Global
	GlobalSection(SolutionConfigurationPlatforms) = preSolution
		Debug|Any CPU = Debug|Any CPU
		Release|Any CPU = Release|Any CPU
	EndGlobalSection
	GlobalSection(ProjectConfigurationPlatforms) = postSolution
		{ADA3A30B-7160-4D9D-BEFF-7ADE1EBE2370}.Debug|Any CPU.ActiveCfg = Debug|Any CPU
		{ADA3A30B-7160-4D9D-BEFF-7ADE1EBE2370}.Debug|Any CPU.Build.0 = Debug|Any CPU
		{ADA3A30B-7160-4D9D-BEFF-7ADE1EBE2370}.Release|Any CPU.ActiveCfg = Release|Any CPU
		{ADA3A30B-7160-4D9D-BEFF-7ADE1EBE2370}.Release|Any CPU.Build.0 = Release|Any CPU
		{31A34CEA-1B78-4868-9643-A9B2C0C97C34}.Debug|Any CPU.ActiveCfg = Debug|Any CPU
		{31A34CEA-1B78-4868-9643-A9B2C0C97C34}.Debug|Any CPU.Build.0 = Debug|Any CPU
		{31A34CEA-1B78-4868-9643-A9B2C0C97C34}.Release|Any CPU.ActiveCfg = Release|Any CPU
		{31A34CEA-1B78-4868-9643-A9B2C0C97C34}.Release|Any CPU.Build.0 = Release|Any CPU
	EndGlobalSection
	GlobalSection(SolutionProperties) = preSolution
		HideSolutionNode = FALSE
	EndGlobalSection
EndGlobal
