
Microsoft Visual Studio Solution File, Format Version 12.00
# Visual Studio 2013
VisualStudioVersion = 12.0.21005.1
MinimumVisualStudioVersion = 10.0.40219.1
Project("{FAE04EC0-301F-11D3-BF4B-00C04F79EFBC}") = "1.CommandInterpreter", "1.CommandInterpreter\1.CommandInterpreter.csproj", "{0288303D-1842-484E-958E-97406AC9FCEE}"
EndProject
Project("{FAE04EC0-301F-11D3-BF4B-00C04F79EFBC}") = "2.TargetPractice", "2.TargetPractice\2.TargetPractice.csproj", "{D3863B1E-E485-4576-BE0C-8F6176DA8326}"
EndProject
Global
	GlobalSection(SolutionConfigurationPlatforms) = preSolution
		Debug|Any CPU = Debug|Any CPU
		Release|Any CPU = Release|Any CPU
	EndGlobalSection
	GlobalSection(ProjectConfigurationPlatforms) = postSolution
		{0288303D-1842-484E-958E-97406AC9FCEE}.Debug|Any CPU.ActiveCfg = Debug|Any CPU
		{0288303D-1842-484E-958E-97406AC9FCEE}.Debug|Any CPU.Build.0 = Debug|Any CPU
		{0288303D-1842-484E-958E-97406AC9FCEE}.Release|Any CPU.ActiveCfg = Release|Any CPU
		{0288303D-1842-484E-958E-97406AC9FCEE}.Release|Any CPU.Build.0 = Release|Any CPU
		{D3863B1E-E485-4576-BE0C-8F6176DA8326}.Debug|Any CPU.ActiveCfg = Debug|Any CPU
		{D3863B1E-E485-4576-BE0C-8F6176DA8326}.Debug|Any CPU.Build.0 = Debug|Any CPU
		{D3863B1E-E485-4576-BE0C-8F6176DA8326}.Release|Any CPU.ActiveCfg = Release|Any CPU
		{D3863B1E-E485-4576-BE0C-8F6176DA8326}.Release|Any CPU.Build.0 = Release|Any CPU
	EndGlobalSection
	GlobalSection(SolutionProperties) = preSolution
		HideSolutionNode = FALSE
	EndGlobalSection
EndGlobal
