
Microsoft Visual Studio Solution File, Format Version 12.00
# Visual Studio 2013
VisualStudioVersion = 12.0.21005.1
MinimumVisualStudioVersion = 10.0.40219.1
Project("{FAE04EC0-301F-11D3-BF4B-00C04F79EFBC}") = "01.FillTheMatrix", "01.FillTheMatrix\01.FillTheMatrix.csproj", "{20477BD8-C3F2-482E-983C-12D7EB8B5050}"
EndProject
Project("{FAE04EC0-301F-11D3-BF4B-00C04F79EFBC}") = "02.MaximalSum", "02.MaximalSum\02.MaximalSum.csproj", "{4B1E3098-CF55-465C-B735-CB206DD4141E}"
EndProject
Project("{FAE04EC0-301F-11D3-BF4B-00C04F79EFBC}") = "03.MatrixShuffling", "03.MatrixShuffling\03.MatrixShuffling.csproj", "{57051A8E-C884-4CBA-A1C9-CEA0EC561E31}"
EndProject
Project("{FAE04EC0-301F-11D3-BF4B-00C04F79EFBC}") = "04.SequenceInMatrix", "04.SequenceInMatrix\04.SequenceInMatrix.csproj", "{E29DC3A2-0B39-42DA-9C36-9FCE47173A4E}"
EndProject
Project("{FAE04EC0-301F-11D3-BF4B-00C04F79EFBC}") = "05.CollectTheCoins", "05.CollectTheCoins\05.CollectTheCoins.csproj", "{E733A4B7-E485-42B4-B46A-04331881C0D4}"
EndProject
Project("{FAE04EC0-301F-11D3-BF4B-00C04F79EFBC}") = "06.CountSymbols", "06.CountSymbols\06.CountSymbols.csproj", "{057A3721-06FF-48EE-B944-C8DC52EF0833}"
EndProject
Project("{FAE04EC0-301F-11D3-BF4B-00C04F79EFBC}") = "07.Phonebook", "07.Phonebook\07.Phonebook.csproj", "{AF3328C6-FB33-4125-8BA1-0C683528E11A}"
EndProject
Project("{FAE04EC0-301F-11D3-BF4B-00C04F79EFBC}") = "08.NightLife", "08.NightLife\08.NightLife.csproj", "{45084112-1E1F-4D38-9D06-98FD56937157}"
EndProject
Project("{FAE04EC0-301F-11D3-BF4B-00C04F79EFBC}") = "09.TerroristsWin", "09.TerroristsWin\09.TerroristsWin.csproj", "{21350358-D3EB-459D-AB85-0A8E9C90BF1E}"
EndProject
Project("{FAE04EC0-301F-11D3-BF4B-00C04F79EFBC}") = "10.PlusRemove", "10.PlusRemove\10.PlusRemove.csproj", "{2D3EA302-75E8-476D-86BB-519E4060D66C}"
EndProject
Project("{FAE04EC0-301F-11D3-BF4B-00C04F79EFBC}") = "11.StringMatrixRotation", "11.StringMatrixRotation\11.StringMatrixRotation.csproj", "{5F21F9FE-39EF-4168-BED0-A6E1CB0E6B13}"
EndProject
Project("{FAE04EC0-301F-11D3-BF4B-00C04F79EFBC}") = "12.ToTheStars", "12.ToTheStars\12.ToTheStars.csproj", "{90B2F1D1-C49A-433C-BE7C-D151F70206C3}"
EndProject
Project("{FAE04EC0-301F-11D3-BF4B-00C04F79EFBC}") = "13.ActivityTracker", "13.ActivityTracker\13.ActivityTracker.csproj", "{557BF89F-51A3-4647-8F02-72B844B371AF}"
EndProject
Global
	GlobalSection(SolutionConfigurationPlatforms) = preSolution
		Debug|Any CPU = Debug|Any CPU
		Release|Any CPU = Release|Any CPU
	EndGlobalSection
	GlobalSection(ProjectConfigurationPlatforms) = postSolution
		{20477BD8-C3F2-482E-983C-12D7EB8B5050}.Debug|Any CPU.ActiveCfg = Debug|Any CPU
		{20477BD8-C3F2-482E-983C-12D7EB8B5050}.Debug|Any CPU.Build.0 = Debug|Any CPU
		{20477BD8-C3F2-482E-983C-12D7EB8B5050}.Release|Any CPU.ActiveCfg = Release|Any CPU
		{20477BD8-C3F2-482E-983C-12D7EB8B5050}.Release|Any CPU.Build.0 = Release|Any CPU
		{4B1E3098-CF55-465C-B735-CB206DD4141E}.Debug|Any CPU.ActiveCfg = Debug|Any CPU
		{4B1E3098-CF55-465C-B735-CB206DD4141E}.Debug|Any CPU.Build.0 = Debug|Any CPU
		{4B1E3098-CF55-465C-B735-CB206DD4141E}.Release|Any CPU.ActiveCfg = Release|Any CPU
		{4B1E3098-CF55-465C-B735-CB206DD4141E}.Release|Any CPU.Build.0 = Release|Any CPU
		{57051A8E-C884-4CBA-A1C9-CEA0EC561E31}.Debug|Any CPU.ActiveCfg = Debug|Any CPU
		{57051A8E-C884-4CBA-A1C9-CEA0EC561E31}.Debug|Any CPU.Build.0 = Debug|Any CPU
		{57051A8E-C884-4CBA-A1C9-CEA0EC561E31}.Release|Any CPU.ActiveCfg = Release|Any CPU
		{57051A8E-C884-4CBA-A1C9-CEA0EC561E31}.Release|Any CPU.Build.0 = Release|Any CPU
		{E29DC3A2-0B39-42DA-9C36-9FCE47173A4E}.Debug|Any CPU.ActiveCfg = Debug|Any CPU
		{E29DC3A2-0B39-42DA-9C36-9FCE47173A4E}.Debug|Any CPU.Build.0 = Debug|Any CPU
		{E29DC3A2-0B39-42DA-9C36-9FCE47173A4E}.Release|Any CPU.ActiveCfg = Release|Any CPU
		{E29DC3A2-0B39-42DA-9C36-9FCE47173A4E}.Release|Any CPU.Build.0 = Release|Any CPU
		{E733A4B7-E485-42B4-B46A-04331881C0D4}.Debug|Any CPU.ActiveCfg = Debug|Any CPU
		{E733A4B7-E485-42B4-B46A-04331881C0D4}.Debug|Any CPU.Build.0 = Debug|Any CPU
		{E733A4B7-E485-42B4-B46A-04331881C0D4}.Release|Any CPU.ActiveCfg = Release|Any CPU
		{E733A4B7-E485-42B4-B46A-04331881C0D4}.Release|Any CPU.Build.0 = Release|Any CPU
		{057A3721-06FF-48EE-B944-C8DC52EF0833}.Debug|Any CPU.ActiveCfg = Debug|Any CPU
		{057A3721-06FF-48EE-B944-C8DC52EF0833}.Debug|Any CPU.Build.0 = Debug|Any CPU
		{057A3721-06FF-48EE-B944-C8DC52EF0833}.Release|Any CPU.ActiveCfg = Release|Any CPU
		{057A3721-06FF-48EE-B944-C8DC52EF0833}.Release|Any CPU.Build.0 = Release|Any CPU
		{AF3328C6-FB33-4125-8BA1-0C683528E11A}.Debug|Any CPU.ActiveCfg = Debug|Any CPU
		{AF3328C6-FB33-4125-8BA1-0C683528E11A}.Debug|Any CPU.Build.0 = Debug|Any CPU
		{AF3328C6-FB33-4125-8BA1-0C683528E11A}.Release|Any CPU.ActiveCfg = Release|Any CPU
		{AF3328C6-FB33-4125-8BA1-0C683528E11A}.Release|Any CPU.Build.0 = Release|Any CPU
		{45084112-1E1F-4D38-9D06-98FD56937157}.Debug|Any CPU.ActiveCfg = Debug|Any CPU
		{45084112-1E1F-4D38-9D06-98FD56937157}.Debug|Any CPU.Build.0 = Debug|Any CPU
		{45084112-1E1F-4D38-9D06-98FD56937157}.Release|Any CPU.ActiveCfg = Release|Any CPU
		{45084112-1E1F-4D38-9D06-98FD56937157}.Release|Any CPU.Build.0 = Release|Any CPU
		{21350358-D3EB-459D-AB85-0A8E9C90BF1E}.Debug|Any CPU.ActiveCfg = Debug|Any CPU
		{21350358-D3EB-459D-AB85-0A8E9C90BF1E}.Debug|Any CPU.Build.0 = Debug|Any CPU
		{21350358-D3EB-459D-AB85-0A8E9C90BF1E}.Release|Any CPU.ActiveCfg = Release|Any CPU
		{21350358-D3EB-459D-AB85-0A8E9C90BF1E}.Release|Any CPU.Build.0 = Release|Any CPU
		{2D3EA302-75E8-476D-86BB-519E4060D66C}.Debug|Any CPU.ActiveCfg = Debug|Any CPU
		{2D3EA302-75E8-476D-86BB-519E4060D66C}.Debug|Any CPU.Build.0 = Debug|Any CPU
		{2D3EA302-75E8-476D-86BB-519E4060D66C}.Release|Any CPU.ActiveCfg = Release|Any CPU
		{2D3EA302-75E8-476D-86BB-519E4060D66C}.Release|Any CPU.Build.0 = Release|Any CPU
		{5F21F9FE-39EF-4168-BED0-A6E1CB0E6B13}.Debug|Any CPU.ActiveCfg = Debug|Any CPU
		{5F21F9FE-39EF-4168-BED0-A6E1CB0E6B13}.Debug|Any CPU.Build.0 = Debug|Any CPU
		{5F21F9FE-39EF-4168-BED0-A6E1CB0E6B13}.Release|Any CPU.ActiveCfg = Release|Any CPU
		{5F21F9FE-39EF-4168-BED0-A6E1CB0E6B13}.Release|Any CPU.Build.0 = Release|Any CPU
		{90B2F1D1-C49A-433C-BE7C-D151F70206C3}.Debug|Any CPU.ActiveCfg = Debug|Any CPU
		{90B2F1D1-C49A-433C-BE7C-D151F70206C3}.Debug|Any CPU.Build.0 = Debug|Any CPU
		{90B2F1D1-C49A-433C-BE7C-D151F70206C3}.Release|Any CPU.ActiveCfg = Release|Any CPU
		{90B2F1D1-C49A-433C-BE7C-D151F70206C3}.Release|Any CPU.Build.0 = Release|Any CPU
		{557BF89F-51A3-4647-8F02-72B844B371AF}.Debug|Any CPU.ActiveCfg = Debug|Any CPU
		{557BF89F-51A3-4647-8F02-72B844B371AF}.Debug|Any CPU.Build.0 = Debug|Any CPU
		{557BF89F-51A3-4647-8F02-72B844B371AF}.Release|Any CPU.ActiveCfg = Release|Any CPU
		{557BF89F-51A3-4647-8F02-72B844B371AF}.Release|Any CPU.Build.0 = Release|Any CPU
	EndGlobalSection
	GlobalSection(SolutionProperties) = preSolution
		HideSolutionNode = FALSE
	EndGlobalSection
EndGlobal
