
Microsoft Visual Studio Solution File, Format Version 12.00
# Visual Studio 14
VisualStudioVersion = 14.0.23107.0
MinimumVisualStudioVersion = 10.0.40219.1
Project("{2150E333-8FDC-42A3-9474-1A3956D46DE8}") = "01.InstructionSet", "01.InstructionSet", "{7293DD5A-9733-4E85-8F51-9D3A01827F9C}"
EndProject
Project("{FAE04EC0-301F-11D3-BF4B-00C04F79EFBC}") = "InstructionSet-Before", "InstructionSet-Before\InstructionSet-Before.csproj", "{7A445DF2-9B05-419C-BD85-C7B9CEC09B21}"
EndProject
Project("{FAE04EC0-301F-11D3-BF4B-00C04F79EFBC}") = "InstructionSet-After", "InstructionSet-After\InstructionSet-After.csproj", "{3870601C-26C6-4EC5-9EBC-87D15B6BA4B5}"
EndProject
Project("{2150E333-8FDC-42A3-9474-1A3956D46DE8}") = "02.BePositive", "02.BePositive", "{F29276BE-41B6-4B77-B272-C77445217E16}"
EndProject
Project("{FAE04EC0-301F-11D3-BF4B-00C04F79EFBC}") = "BePositive-Before", "BePositive-Before\BePositive-Before.csproj", "{4D3FB318-99B0-4BC9-BCD8-0FFDC9E18B63}"
EndProject
Project("{FAE04EC0-301F-11D3-BF4B-00C04F79EFBC}") = "BePositive-After", "BePositive-After\BePositive-After.csproj", "{B5CDD377-DBFA-401F-828D-476D3692BABA}"
EndProject
Project("{2150E333-8FDC-42A3-9474-1A3956D46DE8}") = "03.ArrayTest", "03.ArrayTest", "{E9753D02-DCCB-4753-BC59-E9084DA220DB}"
EndProject
Project("{FAE04EC0-301F-11D3-BF4B-00C04F79EFBC}") = "ArrayTest-Before", "ArrayTest-Before\ArrayTest-Before.csproj", "{4A211547-F4B9-4C94-8CC7-9CFCEFFDE7CA}"
EndProject
Project("{FAE04EC0-301F-11D3-BF4B-00C04F79EFBC}") = "ArrayTest-After", "ArrayTest-After\ArrayTest-After.csproj", "{72285A19-C302-4795-B4A6-412CD5DFCB3D}"
EndProject
Project("{2150E333-8FDC-42A3-9474-1A3956D46DE8}") = "04,Substring", "04,Substring", "{3F112E90-95A8-40F9-A67C-C21E3E9BAEF6}"
EndProject
Project("{FAE04EC0-301F-11D3-BF4B-00C04F79EFBC}") = "Substring-Before", "Substring-Before\Substring-Before.csproj", "{E2A8E82D-254F-4D65-B21D-0FC981D278C8}"
EndProject
Project("{FAE04EC0-301F-11D3-BF4B-00C04F79EFBC}") = "Substring-After", "Substring-After\Substring-After.csproj", "{180B2E2B-3146-4842-829E-D43FB6CDA68C}"
EndProject
Project("{2150E333-8FDC-42A3-9474-1A3956D46DE8}") = "05.BitCarousel", "05.BitCarousel", "{88A22218-2E2C-4606-8DAF-9EF9D5D1D884}"
EndProject
Project("{FAE04EC0-301F-11D3-BF4B-00C04F79EFBC}") = "BitCarousel-Before", "BitCarousel-Before\BitCarousel-Before.csproj", "{29AFCBED-79D3-456F-AA51-C9E8CFD7105A}"
EndProject
Project("{FAE04EC0-301F-11D3-BF4B-00C04F79EFBC}") = "BitCarousel-After", "BitCarousel-After\BitCarousel-After.csproj", "{0B6CE0EA-A59E-4436-BCF4-69BB3F655738}"
EndProject
Global
	GlobalSection(SolutionConfigurationPlatforms) = preSolution
		Debug|Any CPU = Debug|Any CPU
		Release|Any CPU = Release|Any CPU
	EndGlobalSection
	GlobalSection(ProjectConfigurationPlatforms) = postSolution
		{7A445DF2-9B05-419C-BD85-C7B9CEC09B21}.Debug|Any CPU.ActiveCfg = Debug|Any CPU
		{7A445DF2-9B05-419C-BD85-C7B9CEC09B21}.Debug|Any CPU.Build.0 = Debug|Any CPU
		{7A445DF2-9B05-419C-BD85-C7B9CEC09B21}.Release|Any CPU.ActiveCfg = Release|Any CPU
		{7A445DF2-9B05-419C-BD85-C7B9CEC09B21}.Release|Any CPU.Build.0 = Release|Any CPU
		{3870601C-26C6-4EC5-9EBC-87D15B6BA4B5}.Debug|Any CPU.ActiveCfg = Debug|Any CPU
		{3870601C-26C6-4EC5-9EBC-87D15B6BA4B5}.Debug|Any CPU.Build.0 = Debug|Any CPU
		{3870601C-26C6-4EC5-9EBC-87D15B6BA4B5}.Release|Any CPU.ActiveCfg = Release|Any CPU
		{3870601C-26C6-4EC5-9EBC-87D15B6BA4B5}.Release|Any CPU.Build.0 = Release|Any CPU
		{4D3FB318-99B0-4BC9-BCD8-0FFDC9E18B63}.Debug|Any CPU.ActiveCfg = Debug|Any CPU
		{4D3FB318-99B0-4BC9-BCD8-0FFDC9E18B63}.Debug|Any CPU.Build.0 = Debug|Any CPU
		{4D3FB318-99B0-4BC9-BCD8-0FFDC9E18B63}.Release|Any CPU.ActiveCfg = Release|Any CPU
		{4D3FB318-99B0-4BC9-BCD8-0FFDC9E18B63}.Release|Any CPU.Build.0 = Release|Any CPU
		{B5CDD377-DBFA-401F-828D-476D3692BABA}.Debug|Any CPU.ActiveCfg = Debug|Any CPU
		{B5CDD377-DBFA-401F-828D-476D3692BABA}.Debug|Any CPU.Build.0 = Debug|Any CPU
		{B5CDD377-DBFA-401F-828D-476D3692BABA}.Release|Any CPU.ActiveCfg = Release|Any CPU
		{B5CDD377-DBFA-401F-828D-476D3692BABA}.Release|Any CPU.Build.0 = Release|Any CPU
		{4A211547-F4B9-4C94-8CC7-9CFCEFFDE7CA}.Debug|Any CPU.ActiveCfg = Debug|Any CPU
		{4A211547-F4B9-4C94-8CC7-9CFCEFFDE7CA}.Debug|Any CPU.Build.0 = Debug|Any CPU
		{4A211547-F4B9-4C94-8CC7-9CFCEFFDE7CA}.Release|Any CPU.ActiveCfg = Release|Any CPU
		{4A211547-F4B9-4C94-8CC7-9CFCEFFDE7CA}.Release|Any CPU.Build.0 = Release|Any CPU
		{72285A19-C302-4795-B4A6-412CD5DFCB3D}.Debug|Any CPU.ActiveCfg = Debug|Any CPU
		{72285A19-C302-4795-B4A6-412CD5DFCB3D}.Debug|Any CPU.Build.0 = Debug|Any CPU
		{72285A19-C302-4795-B4A6-412CD5DFCB3D}.Release|Any CPU.ActiveCfg = Release|Any CPU
		{72285A19-C302-4795-B4A6-412CD5DFCB3D}.Release|Any CPU.Build.0 = Release|Any CPU
		{E2A8E82D-254F-4D65-B21D-0FC981D278C8}.Debug|Any CPU.ActiveCfg = Debug|Any CPU
		{E2A8E82D-254F-4D65-B21D-0FC981D278C8}.Debug|Any CPU.Build.0 = Debug|Any CPU
		{E2A8E82D-254F-4D65-B21D-0FC981D278C8}.Release|Any CPU.ActiveCfg = Release|Any CPU
		{E2A8E82D-254F-4D65-B21D-0FC981D278C8}.Release|Any CPU.Build.0 = Release|Any CPU
		{180B2E2B-3146-4842-829E-D43FB6CDA68C}.Debug|Any CPU.ActiveCfg = Debug|Any CPU
		{180B2E2B-3146-4842-829E-D43FB6CDA68C}.Debug|Any CPU.Build.0 = Debug|Any CPU
		{180B2E2B-3146-4842-829E-D43FB6CDA68C}.Release|Any CPU.ActiveCfg = Release|Any CPU
		{180B2E2B-3146-4842-829E-D43FB6CDA68C}.Release|Any CPU.Build.0 = Release|Any CPU
		{29AFCBED-79D3-456F-AA51-C9E8CFD7105A}.Debug|Any CPU.ActiveCfg = Debug|Any CPU
		{29AFCBED-79D3-456F-AA51-C9E8CFD7105A}.Debug|Any CPU.Build.0 = Debug|Any CPU
		{29AFCBED-79D3-456F-AA51-C9E8CFD7105A}.Release|Any CPU.ActiveCfg = Release|Any CPU
		{29AFCBED-79D3-456F-AA51-C9E8CFD7105A}.Release|Any CPU.Build.0 = Release|Any CPU
		{0B6CE0EA-A59E-4436-BCF4-69BB3F655738}.Debug|Any CPU.ActiveCfg = Debug|Any CPU
		{0B6CE0EA-A59E-4436-BCF4-69BB3F655738}.Debug|Any CPU.Build.0 = Debug|Any CPU
		{0B6CE0EA-A59E-4436-BCF4-69BB3F655738}.Release|Any CPU.ActiveCfg = Release|Any CPU
		{0B6CE0EA-A59E-4436-BCF4-69BB3F655738}.Release|Any CPU.Build.0 = Release|Any CPU
	EndGlobalSection
	GlobalSection(SolutionProperties) = preSolution
		HideSolutionNode = FALSE
	EndGlobalSection
	GlobalSection(NestedProjects) = preSolution
		{7A445DF2-9B05-419C-BD85-C7B9CEC09B21} = {7293DD5A-9733-4E85-8F51-9D3A01827F9C}
		{3870601C-26C6-4EC5-9EBC-87D15B6BA4B5} = {7293DD5A-9733-4E85-8F51-9D3A01827F9C}
		{4D3FB318-99B0-4BC9-BCD8-0FFDC9E18B63} = {F29276BE-41B6-4B77-B272-C77445217E16}
		{B5CDD377-DBFA-401F-828D-476D3692BABA} = {F29276BE-41B6-4B77-B272-C77445217E16}
		{4A211547-F4B9-4C94-8CC7-9CFCEFFDE7CA} = {E9753D02-DCCB-4753-BC59-E9084DA220DB}
		{72285A19-C302-4795-B4A6-412CD5DFCB3D} = {E9753D02-DCCB-4753-BC59-E9084DA220DB}
		{E2A8E82D-254F-4D65-B21D-0FC981D278C8} = {3F112E90-95A8-40F9-A67C-C21E3E9BAEF6}
		{180B2E2B-3146-4842-829E-D43FB6CDA68C} = {3F112E90-95A8-40F9-A67C-C21E3E9BAEF6}
		{29AFCBED-79D3-456F-AA51-C9E8CFD7105A} = {88A22218-2E2C-4606-8DAF-9EF9D5D1D884}
		{0B6CE0EA-A59E-4436-BCF4-69BB3F655738} = {88A22218-2E2C-4606-8DAF-9EF9D5D1D884}
	EndGlobalSection
EndGlobal
