
Microsoft Visual Studio Solution File, Format Version 12.00
# Visual Studio 14
VisualStudioVersion = 14.0.23107.0
MinimumVisualStudioVersion = 10.0.40219.1
Project("{FAE04EC0-301F-11D3-BF4B-00C04F79EFBC}") = "01.PlusRemove", "01.PlusRemove\01.PlusRemove.csproj", "{8134461F-FEC1-4537-9097-DB7996FACD74}"
EndProject
Project("{FAE04EC0-301F-11D3-BF4B-00C04F79EFBC}") = "02.StringMatrixRotation", "02.StringMatrixRotation\02.StringMatrixRotation.csproj", "{D52C4CA4-7B1A-445C-BFED-678DBACC39CE}"
EndProject
Project("{FAE04EC0-301F-11D3-BF4B-00C04F79EFBC}") = "03.ExtractHyperlinks", "03.ExtractHyperlinks\03.ExtractHyperlinks.csproj", "{A9D1DECB-F6E1-485E-89FC-99205B4A26AE}"
EndProject
Project("{FAE04EC0-301F-11D3-BF4B-00C04F79EFBC}") = "04.QueryMess", "04.QueryMess\04.QueryMess.csproj", "{9BE5F083-B877-45AB-9000-D9F328E8DA3B}"
EndProject
Project("{FAE04EC0-301F-11D3-BF4B-00C04F79EFBC}") = "05.SemanticHtml", "05.SemanticHtml\05.SemanticHtml.csproj", "{EF524945-B3CD-44AC-8155-EBC7A5204991}"
EndProject
Project("{FAE04EC0-301F-11D3-BF4B-00C04F79EFBC}") = "06.XRemoval", "06.XRemoval\06.XRemoval.csproj", "{B00382E3-35A7-4283-8108-DB123235E962}"
EndProject
Project("{FAE04EC0-301F-11D3-BF4B-00C04F79EFBC}") = "22.LabyrinthDash", "22.LabyrinthDash\22.LabyrinthDash.csproj", "{BF41F927-3DC9-4BE4-A8FC-261BD1E7F2F2}"
EndProject
Project("{FAE04EC0-301F-11D3-BF4B-00C04F79EFBC}") = "10.ClearingCommands", "10.ClearingCommands\10.ClearingCommands.csproj", "{A4109581-9A88-4DA6-AB13-1FFBC0943F52}"
EndProject
Project("{FAE04EC0-301F-11D3-BF4B-00C04F79EFBC}") = "11.LittleJohn", "11.LittleJohn\11.LittleJohn.csproj", "{E2384CB3-79B0-49C9-ADF8-50B62E5523B3}"
EndProject
Project("{FAE04EC0-301F-11D3-BF4B-00C04F79EFBC}") = "23.CouplesFrequency", "23.CouplesFrequency\23.CouplesFrequency.csproj", "{B98DEEB3-7924-47FE-9146-71E5A5B5C748}"
EndProject
Project("{FAE04EC0-301F-11D3-BF4B-00C04F79EFBC}") = "24.SchoolSystem", "24.SchoolSystem\24.SchoolSystem.csproj", "{F9F9FEBD-A049-4EBD-83F6-E08A99A6B37D}"
EndProject
Project("{FAE04EC0-301F-11D3-BF4B-00C04F79EFBC}") = "25.Pyramid", "25.Pyramid\25.Pyramid.csproj", "{28F4F994-FAA8-4BB3-9CE0-2B8CD4A90990}"
EndProject
Project("{FAE04EC0-301F-11D3-BF4B-00C04F79EFBC}") = "08.TextGravity", "08.TextGravity\08.TextGravity.csproj", "{87EC48F9-E870-4D45-9263-FDF09C12467B}"
EndProject
Project("{FAE04EC0-301F-11D3-BF4B-00C04F79EFBC}") = "09.UppercaseWords", "09.UppercaseWords\09.UppercaseWords.csproj", "{2BA7C4B7-289C-4666-BC32-ED4818164F57}"
EndProject
Project("{FAE04EC0-301F-11D3-BF4B-00C04F79EFBC}") = "07.VladkoNotebook", "07.VladkoNotebook\07.VladkoNotebook.csproj", "{45D6A7FF-26B1-473B-9F7D-F6B835DA10CE}"
EndProject
Project("{FAE04EC0-301F-11D3-BF4B-00C04F79EFBC}") = "15.TheNumbers", "15.TheNumbers\15.TheNumbers.csproj", "{F3892618-F4C6-4B84-A287-0928C46C37CD}"
EndProject
Project("{FAE04EC0-301F-11D3-BF4B-00C04F79EFBC}") = "21.ITVillage", "21.ITVillage\21.ITVillage.csproj", "{42962B49-6387-4075-B0C3-9208AE04031D}"
EndProject
Project("{FAE04EC0-301F-11D3-BF4B-00C04F79EFBC}") = "20.OhMyGirl", "20.OhMyGirl\20.OhMyGirl.csproj", "{ADBAB9CC-B03E-457A-9AE9-3BF051E32F08}"
EndProject
Project("{FAE04EC0-301F-11D3-BF4B-00C04F79EFBC}") = "19.ChatLogger", "19.ChatLogger\19.ChatLogger.csproj", "{194C676A-CAD7-441C-9499-5154E36BAE0F}"
EndProject
Project("{FAE04EC0-301F-11D3-BF4B-00C04F79EFBC}") = "12.PhoneNumbers", "12.PhoneNumbers\12.PhoneNumbers.csproj", "{5CCF71B9-6CF9-44D6-B864-3A2FBEA2EF62}"
EndProject
Project("{FAE04EC0-301F-11D3-BF4B-00C04F79EFBC}") = "13.SumOfAllValues", "13.SumOfAllValues\13.SumOfAllValues.csproj", "{F5516F5F-C0B9-4C47-933E-CE1860A348FD}"
EndProject
Project("{FAE04EC0-301F-11D3-BF4B-00C04F79EFBC}") = "14.MatrixShuffle", "14.MatrixShuffle\14.MatrixShuffle.csproj", "{9A2D880D-42D1-453E-B4D6-9FA1D31271BD}"
EndProject
Project("{FAE04EC0-301F-11D3-BF4B-00C04F79EFBC}") = "16.Parachute", "16.Parachute\16.Parachute.csproj", "{F7CF8E83-EB1E-447C-A6ED-ACD4EA34A947}"
EndProject
Project("{FAE04EC0-301F-11D3-BF4B-00C04F79EFBC}") = "17.BiggestTableRow", "17.BiggestTableRow\17.BiggestTableRow.csproj", "{1CEFE412-44E6-4EE6-903B-0F3DE8DCDC2A}"
EndProject
Project("{FAE04EC0-301F-11D3-BF4B-00C04F79EFBC}") = "18.PinValidation", "18.PinValidation\18.PinValidation.csproj", "{04B78A01-8E5A-4419-A068-6543E5B30375}"
EndProject
Global
	GlobalSection(SolutionConfigurationPlatforms) = preSolution
		Debug|Any CPU = Debug|Any CPU
		Release|Any CPU = Release|Any CPU
	EndGlobalSection
	GlobalSection(ProjectConfigurationPlatforms) = postSolution
		{8134461F-FEC1-4537-9097-DB7996FACD74}.Debug|Any CPU.ActiveCfg = Debug|Any CPU
		{8134461F-FEC1-4537-9097-DB7996FACD74}.Debug|Any CPU.Build.0 = Debug|Any CPU
		{8134461F-FEC1-4537-9097-DB7996FACD74}.Release|Any CPU.ActiveCfg = Release|Any CPU
		{8134461F-FEC1-4537-9097-DB7996FACD74}.Release|Any CPU.Build.0 = Release|Any CPU
		{D52C4CA4-7B1A-445C-BFED-678DBACC39CE}.Debug|Any CPU.ActiveCfg = Debug|Any CPU
		{D52C4CA4-7B1A-445C-BFED-678DBACC39CE}.Debug|Any CPU.Build.0 = Debug|Any CPU
		{D52C4CA4-7B1A-445C-BFED-678DBACC39CE}.Release|Any CPU.ActiveCfg = Release|Any CPU
		{D52C4CA4-7B1A-445C-BFED-678DBACC39CE}.Release|Any CPU.Build.0 = Release|Any CPU
		{A9D1DECB-F6E1-485E-89FC-99205B4A26AE}.Debug|Any CPU.ActiveCfg = Debug|Any CPU
		{A9D1DECB-F6E1-485E-89FC-99205B4A26AE}.Debug|Any CPU.Build.0 = Debug|Any CPU
		{A9D1DECB-F6E1-485E-89FC-99205B4A26AE}.Release|Any CPU.ActiveCfg = Release|Any CPU
		{A9D1DECB-F6E1-485E-89FC-99205B4A26AE}.Release|Any CPU.Build.0 = Release|Any CPU
		{9BE5F083-B877-45AB-9000-D9F328E8DA3B}.Debug|Any CPU.ActiveCfg = Debug|Any CPU
		{9BE5F083-B877-45AB-9000-D9F328E8DA3B}.Debug|Any CPU.Build.0 = Debug|Any CPU
		{9BE5F083-B877-45AB-9000-D9F328E8DA3B}.Release|Any CPU.ActiveCfg = Release|Any CPU
		{9BE5F083-B877-45AB-9000-D9F328E8DA3B}.Release|Any CPU.Build.0 = Release|Any CPU
		{EF524945-B3CD-44AC-8155-EBC7A5204991}.Debug|Any CPU.ActiveCfg = Debug|Any CPU
		{EF524945-B3CD-44AC-8155-EBC7A5204991}.Debug|Any CPU.Build.0 = Debug|Any CPU
		{EF524945-B3CD-44AC-8155-EBC7A5204991}.Release|Any CPU.ActiveCfg = Release|Any CPU
		{EF524945-B3CD-44AC-8155-EBC7A5204991}.Release|Any CPU.Build.0 = Release|Any CPU
		{B00382E3-35A7-4283-8108-DB123235E962}.Debug|Any CPU.ActiveCfg = Debug|Any CPU
		{B00382E3-35A7-4283-8108-DB123235E962}.Debug|Any CPU.Build.0 = Debug|Any CPU
		{B00382E3-35A7-4283-8108-DB123235E962}.Release|Any CPU.ActiveCfg = Release|Any CPU
		{B00382E3-35A7-4283-8108-DB123235E962}.Release|Any CPU.Build.0 = Release|Any CPU
		{BF41F927-3DC9-4BE4-A8FC-261BD1E7F2F2}.Debug|Any CPU.ActiveCfg = Debug|Any CPU
		{BF41F927-3DC9-4BE4-A8FC-261BD1E7F2F2}.Debug|Any CPU.Build.0 = Debug|Any CPU
		{BF41F927-3DC9-4BE4-A8FC-261BD1E7F2F2}.Release|Any CPU.ActiveCfg = Release|Any CPU
		{BF41F927-3DC9-4BE4-A8FC-261BD1E7F2F2}.Release|Any CPU.Build.0 = Release|Any CPU
		{A4109581-9A88-4DA6-AB13-1FFBC0943F52}.Debug|Any CPU.ActiveCfg = Debug|Any CPU
		{A4109581-9A88-4DA6-AB13-1FFBC0943F52}.Debug|Any CPU.Build.0 = Debug|Any CPU
		{A4109581-9A88-4DA6-AB13-1FFBC0943F52}.Release|Any CPU.ActiveCfg = Release|Any CPU
		{A4109581-9A88-4DA6-AB13-1FFBC0943F52}.Release|Any CPU.Build.0 = Release|Any CPU
		{E2384CB3-79B0-49C9-ADF8-50B62E5523B3}.Debug|Any CPU.ActiveCfg = Debug|Any CPU
		{E2384CB3-79B0-49C9-ADF8-50B62E5523B3}.Debug|Any CPU.Build.0 = Debug|Any CPU
		{E2384CB3-79B0-49C9-ADF8-50B62E5523B3}.Release|Any CPU.ActiveCfg = Release|Any CPU
		{E2384CB3-79B0-49C9-ADF8-50B62E5523B3}.Release|Any CPU.Build.0 = Release|Any CPU
		{B98DEEB3-7924-47FE-9146-71E5A5B5C748}.Debug|Any CPU.ActiveCfg = Debug|Any CPU
		{B98DEEB3-7924-47FE-9146-71E5A5B5C748}.Debug|Any CPU.Build.0 = Debug|Any CPU
		{B98DEEB3-7924-47FE-9146-71E5A5B5C748}.Release|Any CPU.ActiveCfg = Release|Any CPU
		{B98DEEB3-7924-47FE-9146-71E5A5B5C748}.Release|Any CPU.Build.0 = Release|Any CPU
		{F9F9FEBD-A049-4EBD-83F6-E08A99A6B37D}.Debug|Any CPU.ActiveCfg = Debug|Any CPU
		{F9F9FEBD-A049-4EBD-83F6-E08A99A6B37D}.Debug|Any CPU.Build.0 = Debug|Any CPU
		{F9F9FEBD-A049-4EBD-83F6-E08A99A6B37D}.Release|Any CPU.ActiveCfg = Release|Any CPU
		{F9F9FEBD-A049-4EBD-83F6-E08A99A6B37D}.Release|Any CPU.Build.0 = Release|Any CPU
		{28F4F994-FAA8-4BB3-9CE0-2B8CD4A90990}.Debug|Any CPU.ActiveCfg = Debug|Any CPU
		{28F4F994-FAA8-4BB3-9CE0-2B8CD4A90990}.Debug|Any CPU.Build.0 = Debug|Any CPU
		{28F4F994-FAA8-4BB3-9CE0-2B8CD4A90990}.Release|Any CPU.ActiveCfg = Release|Any CPU
		{28F4F994-FAA8-4BB3-9CE0-2B8CD4A90990}.Release|Any CPU.Build.0 = Release|Any CPU
		{87EC48F9-E870-4D45-9263-FDF09C12467B}.Debug|Any CPU.ActiveCfg = Debug|Any CPU
		{87EC48F9-E870-4D45-9263-FDF09C12467B}.Debug|Any CPU.Build.0 = Debug|Any CPU
		{87EC48F9-E870-4D45-9263-FDF09C12467B}.Release|Any CPU.ActiveCfg = Release|Any CPU
		{87EC48F9-E870-4D45-9263-FDF09C12467B}.Release|Any CPU.Build.0 = Release|Any CPU
		{2BA7C4B7-289C-4666-BC32-ED4818164F57}.Debug|Any CPU.ActiveCfg = Debug|Any CPU
		{2BA7C4B7-289C-4666-BC32-ED4818164F57}.Debug|Any CPU.Build.0 = Debug|Any CPU
		{2BA7C4B7-289C-4666-BC32-ED4818164F57}.Release|Any CPU.ActiveCfg = Release|Any CPU
		{2BA7C4B7-289C-4666-BC32-ED4818164F57}.Release|Any CPU.Build.0 = Release|Any CPU
		{45D6A7FF-26B1-473B-9F7D-F6B835DA10CE}.Debug|Any CPU.ActiveCfg = Debug|Any CPU
		{45D6A7FF-26B1-473B-9F7D-F6B835DA10CE}.Debug|Any CPU.Build.0 = Debug|Any CPU
		{45D6A7FF-26B1-473B-9F7D-F6B835DA10CE}.Release|Any CPU.ActiveCfg = Release|Any CPU
		{45D6A7FF-26B1-473B-9F7D-F6B835DA10CE}.Release|Any CPU.Build.0 = Release|Any CPU
		{F3892618-F4C6-4B84-A287-0928C46C37CD}.Debug|Any CPU.ActiveCfg = Debug|Any CPU
		{F3892618-F4C6-4B84-A287-0928C46C37CD}.Debug|Any CPU.Build.0 = Debug|Any CPU
		{F3892618-F4C6-4B84-A287-0928C46C37CD}.Release|Any CPU.ActiveCfg = Release|Any CPU
		{F3892618-F4C6-4B84-A287-0928C46C37CD}.Release|Any CPU.Build.0 = Release|Any CPU
		{42962B49-6387-4075-B0C3-9208AE04031D}.Debug|Any CPU.ActiveCfg = Debug|Any CPU
		{42962B49-6387-4075-B0C3-9208AE04031D}.Debug|Any CPU.Build.0 = Debug|Any CPU
		{42962B49-6387-4075-B0C3-9208AE04031D}.Release|Any CPU.ActiveCfg = Release|Any CPU
		{42962B49-6387-4075-B0C3-9208AE04031D}.Release|Any CPU.Build.0 = Release|Any CPU
		{ADBAB9CC-B03E-457A-9AE9-3BF051E32F08}.Debug|Any CPU.ActiveCfg = Debug|Any CPU
		{ADBAB9CC-B03E-457A-9AE9-3BF051E32F08}.Debug|Any CPU.Build.0 = Debug|Any CPU
		{ADBAB9CC-B03E-457A-9AE9-3BF051E32F08}.Release|Any CPU.ActiveCfg = Release|Any CPU
		{ADBAB9CC-B03E-457A-9AE9-3BF051E32F08}.Release|Any CPU.Build.0 = Release|Any CPU
		{194C676A-CAD7-441C-9499-5154E36BAE0F}.Debug|Any CPU.ActiveCfg = Debug|Any CPU
		{194C676A-CAD7-441C-9499-5154E36BAE0F}.Debug|Any CPU.Build.0 = Debug|Any CPU
		{194C676A-CAD7-441C-9499-5154E36BAE0F}.Release|Any CPU.ActiveCfg = Release|Any CPU
		{194C676A-CAD7-441C-9499-5154E36BAE0F}.Release|Any CPU.Build.0 = Release|Any CPU
		{5CCF71B9-6CF9-44D6-B864-3A2FBEA2EF62}.Debug|Any CPU.ActiveCfg = Debug|Any CPU
		{5CCF71B9-6CF9-44D6-B864-3A2FBEA2EF62}.Debug|Any CPU.Build.0 = Debug|Any CPU
		{5CCF71B9-6CF9-44D6-B864-3A2FBEA2EF62}.Release|Any CPU.ActiveCfg = Release|Any CPU
		{5CCF71B9-6CF9-44D6-B864-3A2FBEA2EF62}.Release|Any CPU.Build.0 = Release|Any CPU
		{F5516F5F-C0B9-4C47-933E-CE1860A348FD}.Debug|Any CPU.ActiveCfg = Debug|Any CPU
		{F5516F5F-C0B9-4C47-933E-CE1860A348FD}.Debug|Any CPU.Build.0 = Debug|Any CPU
		{F5516F5F-C0B9-4C47-933E-CE1860A348FD}.Release|Any CPU.ActiveCfg = Release|Any CPU
		{F5516F5F-C0B9-4C47-933E-CE1860A348FD}.Release|Any CPU.Build.0 = Release|Any CPU
		{9A2D880D-42D1-453E-B4D6-9FA1D31271BD}.Debug|Any CPU.ActiveCfg = Debug|Any CPU
		{9A2D880D-42D1-453E-B4D6-9FA1D31271BD}.Debug|Any CPU.Build.0 = Debug|Any CPU
		{9A2D880D-42D1-453E-B4D6-9FA1D31271BD}.Release|Any CPU.ActiveCfg = Release|Any CPU
		{9A2D880D-42D1-453E-B4D6-9FA1D31271BD}.Release|Any CPU.Build.0 = Release|Any CPU
		{F7CF8E83-EB1E-447C-A6ED-ACD4EA34A947}.Debug|Any CPU.ActiveCfg = Debug|Any CPU
		{F7CF8E83-EB1E-447C-A6ED-ACD4EA34A947}.Debug|Any CPU.Build.0 = Debug|Any CPU
		{F7CF8E83-EB1E-447C-A6ED-ACD4EA34A947}.Release|Any CPU.ActiveCfg = Release|Any CPU
		{F7CF8E83-EB1E-447C-A6ED-ACD4EA34A947}.Release|Any CPU.Build.0 = Release|Any CPU
		{1CEFE412-44E6-4EE6-903B-0F3DE8DCDC2A}.Debug|Any CPU.ActiveCfg = Debug|Any CPU
		{1CEFE412-44E6-4EE6-903B-0F3DE8DCDC2A}.Debug|Any CPU.Build.0 = Debug|Any CPU
		{1CEFE412-44E6-4EE6-903B-0F3DE8DCDC2A}.Release|Any CPU.ActiveCfg = Release|Any CPU
		{1CEFE412-44E6-4EE6-903B-0F3DE8DCDC2A}.Release|Any CPU.Build.0 = Release|Any CPU
		{04B78A01-8E5A-4419-A068-6543E5B30375}.Debug|Any CPU.ActiveCfg = Debug|Any CPU
		{04B78A01-8E5A-4419-A068-6543E5B30375}.Debug|Any CPU.Build.0 = Debug|Any CPU
		{04B78A01-8E5A-4419-A068-6543E5B30375}.Release|Any CPU.ActiveCfg = Release|Any CPU
		{04B78A01-8E5A-4419-A068-6543E5B30375}.Release|Any CPU.Build.0 = Release|Any CPU
	EndGlobalSection
	GlobalSection(SolutionProperties) = preSolution
		HideSolutionNode = FALSE
	EndGlobalSection
EndGlobal
