
Microsoft Visual Studio Solution File, Format Version 12.00
# Visual Studio 14
VisualStudioVersion = 14.0.23107.0
MinimumVisualStudioVersion = 10.0.40219.1
Project("{FAE04EC0-301F-11D3-BF4B-00C04F79EFBC}") = "1.HumanStudentAndWorker", "1.HumanStudentAndWorker\1.HumanStudentAndWorker.csproj", "{F5687DEB-8021-4784-ACEC-8C195D586CB6}"
EndProject
Project("{FAE04EC0-301F-11D3-BF4B-00C04F79EFBC}") = "2.Animals", "2.Animals\2.Animals.csproj", "{A4723F39-D8AA-4BD5-A5F2-BAA229942975}"
EndProject
Project("{FAE04EC0-301F-11D3-BF4B-00C04F79EFBC}") = "3.CompanyHierarchy", "3.CompanyHierarchy\3.CompanyHierarchy.csproj", "{1DFFE772-5618-4207-94DC-791E8884A07F}"
EndProject
Global
	GlobalSection(SolutionConfigurationPlatforms) = preSolution
		Debug|Any CPU = Debug|Any CPU
		Release|Any CPU = Release|Any CPU
	EndGlobalSection
	GlobalSection(ProjectConfigurationPlatforms) = postSolution
		{F5687DEB-8021-4784-ACEC-8C195D586CB6}.Debug|Any CPU.ActiveCfg = Debug|Any CPU
		{F5687DEB-8021-4784-ACEC-8C195D586CB6}.Debug|Any CPU.Build.0 = Debug|Any CPU
		{F5687DEB-8021-4784-ACEC-8C195D586CB6}.Release|Any CPU.ActiveCfg = Release|Any CPU
		{F5687DEB-8021-4784-ACEC-8C195D586CB6}.Release|Any CPU.Build.0 = Release|Any CPU
		{A4723F39-D8AA-4BD5-A5F2-BAA229942975}.Debug|Any CPU.ActiveCfg = Debug|Any CPU
		{A4723F39-D8AA-4BD5-A5F2-BAA229942975}.Debug|Any CPU.Build.0 = Debug|Any CPU
		{A4723F39-D8AA-4BD5-A5F2-BAA229942975}.Release|Any CPU.ActiveCfg = Release|Any CPU
		{A4723F39-D8AA-4BD5-A5F2-BAA229942975}.Release|Any CPU.Build.0 = Release|Any CPU
		{1DFFE772-5618-4207-94DC-791E8884A07F}.Debug|Any CPU.ActiveCfg = Debug|Any CPU
		{1DFFE772-5618-4207-94DC-791E8884A07F}.Debug|Any CPU.Build.0 = Debug|Any CPU
		{1DFFE772-5618-4207-94DC-791E8884A07F}.Release|Any CPU.ActiveCfg = Release|Any CPU
		{1DFFE772-5618-4207-94DC-791E8884A07F}.Release|Any CPU.Build.0 = Release|Any CPU
	EndGlobalSection
	GlobalSection(SolutionProperties) = preSolution
		HideSolutionNode = FALSE
	EndGlobalSection
EndGlobal
