
Microsoft Visual Studio Solution File, Format Version 12.00
# Visual Studio 14
VisualStudioVersion = 14.0.23107.0
MinimumVisualStudioVersion = 10.0.40219.1
Project("{FAE04EC0-301F-11D3-BF4B-00C04F79EFBC}") = "01.Persons", "01.Persons\01.Persons.csproj", "{ABC2ABF6-41A3-48A8-B3D4-EC68D1C2E881}"
EndProject
Project("{FAE04EC0-301F-11D3-BF4B-00C04F79EFBC}") = "02.LaptopShop", "02.LaptopShop\02.LaptopShop.csproj", "{89CF590C-A268-4E45-AAB8-17DF1BA584EB}"
EndProject
Global
	GlobalSection(SolutionConfigurationPlatforms) = preSolution
		Debug|Any CPU = Debug|Any CPU
		Release|Any CPU = Release|Any CPU
	EndGlobalSection
	GlobalSection(ProjectConfigurationPlatforms) = postSolution
		{ABC2ABF6-41A3-48A8-B3D4-EC68D1C2E881}.Debug|Any CPU.ActiveCfg = Debug|Any CPU
		{ABC2ABF6-41A3-48A8-B3D4-EC68D1C2E881}.Debug|Any CPU.Build.0 = Debug|Any CPU
		{ABC2ABF6-41A3-48A8-B3D4-EC68D1C2E881}.Release|Any CPU.ActiveCfg = Release|Any CPU
		{ABC2ABF6-41A3-48A8-B3D4-EC68D1C2E881}.Release|Any CPU.Build.0 = Release|Any CPU
		{89CF590C-A268-4E45-AAB8-17DF1BA584EB}.Debug|Any CPU.ActiveCfg = Debug|Any CPU
		{89CF590C-A268-4E45-AAB8-17DF1BA584EB}.Debug|Any CPU.Build.0 = Debug|Any CPU
		{89CF590C-A268-4E45-AAB8-17DF1BA584EB}.Release|Any CPU.ActiveCfg = Release|Any CPU
		{89CF590C-A268-4E45-AAB8-17DF1BA584EB}.Release|Any CPU.Build.0 = Release|Any CPU
	EndGlobalSection
	GlobalSection(SolutionProperties) = preSolution
		HideSolutionNode = FALSE
	EndGlobalSection
EndGlobal
